
Microsoft Visual Studio Solution File, Format Version 12.00
# Visual Studio Version 17
VisualStudioVersion = 17.9.34622.214
MinimumVisualStudioVersion = 10.0.40219.1
Project("{FAE04EC0-301F-11D3-BF4B-00C04F79EFBC}") = "Aws.Cognito", "Aws.Cognito\Aws.Cognito.csproj", "{7E885699-FF31-4366-9D60-5A8C39FEF64C}"
EndProject
Global
	GlobalSection(SolutionConfigurationPlatforms) = preSolution
		Debug|Any CPU = Debug|Any CPU
		Release|Any CPU = Release|Any CPU
	EndGlobalSection
	GlobalSection(ProjectConfigurationPlatforms) = postSolution
		{7E885699-FF31-4366-9D60-5A8C39FEF64C}.Debug|Any CPU.ActiveCfg = Debug|Any CPU
		{7E885699-FF31-4366-9D60-5A8C39FEF64C}.Debug|Any CPU.Build.0 = Debug|Any CPU
		{7E885699-FF31-4366-9D60-5A8C39FEF64C}.Release|Any CPU.ActiveCfg = Release|Any CPU
		{7E885699-FF31-4366-9D60-5A8C39FEF64C}.Release|Any CPU.Build.0 = Release|Any CPU
	EndGlobalSection
	GlobalSection(SolutionProperties) = preSolution
		HideSolutionNode = FALSE
	EndGlobalSection
	GlobalSection(ExtensibilityGlobals) = postSolution
		SolutionGuid = {37E705C8-39BB-48D0-BC4A-D33BB1DD621A}
	EndGlobalSection
EndGlobal
