
Microsoft Visual Studio Solution File, Format Version 12.00
# Visual Studio Version 17
VisualStudioVersion = 17.11.35208.52
MinimumVisualStudioVersion = 10.0.40219.1
Project("{FAE04EC0-301F-11D3-BF4B-00C04F79EFBC}") = "AwsS3.Api", "AwsS3.Api\AwsS3.Api.csproj", "{65D1F9FC-45EC-40E3-9BF1-B57ADBCBC2B1}"
EndProject
Global
	GlobalSection(SolutionConfigurationPlatforms) = preSolution
		Debug|Any CPU = Debug|Any CPU
		Release|Any CPU = Release|Any CPU
	EndGlobalSection
	GlobalSection(ProjectConfigurationPlatforms) = postSolution
		{65D1F9FC-45EC-40E3-9BF1-B57ADBCBC2B1}.Debug|Any CPU.ActiveCfg = Debug|Any CPU
		{65D1F9FC-45EC-40E3-9BF1-B57ADBCBC2B1}.Debug|Any CPU.Build.0 = Debug|Any CPU
		{65D1F9FC-45EC-40E3-9BF1-B57ADBCBC2B1}.Release|Any CPU.ActiveCfg = Release|Any CPU
		{65D1F9FC-45EC-40E3-9BF1-B57ADBCBC2B1}.Release|Any CPU.Build.0 = Release|Any CPU
	EndGlobalSection
	GlobalSection(SolutionProperties) = preSolution
		HideSolutionNode = FALSE
	EndGlobalSection
	GlobalSection(ExtensibilityGlobals) = postSolution
		SolutionGuid = {D9F88FB5-4BE1-4DDF-BBD3-11BD5109AD3E}
	EndGlobalSection
EndGlobal
