
Microsoft Visual Studio Solution File, Format Version 12.00
# Visual Studio Version 17
VisualStudioVersion = 17.14.36202.13 d17.14
MinimumVisualStudioVersion = 10.0.40219.1
Project("{FAE04EC0-301F-11D3-BF4B-00C04F79EFBC}") = "Amazon.SimpleEmail", "Amazon.SimpleEmail\Amazon.SimpleEmail.csproj", "{BC76BA69-C521-4AB1-B46D-40A7723B3E92}"
EndProject
Global
	GlobalSection(SolutionConfigurationPlatforms) = preSolution
		Debug|Any CPU = Debug|Any CPU
		Release|Any CPU = Release|Any CPU
	EndGlobalSection
	GlobalSection(ProjectConfigurationPlatforms) = postSolution
		{BC76BA69-C521-4AB1-B46D-40A7723B3E92}.Debug|Any CPU.ActiveCfg = Debug|Any CPU
		{BC76BA69-C521-4AB1-B46D-40A7723B3E92}.Debug|Any CPU.Build.0 = Debug|Any CPU
		{BC76BA69-C521-4AB1-B46D-40A7723B3E92}.Release|Any CPU.ActiveCfg = Release|Any CPU
		{BC76BA69-C521-4AB1-B46D-40A7723B3E92}.Release|Any CPU.Build.0 = Release|Any CPU
	EndGlobalSection
	GlobalSection(SolutionProperties) = preSolution
		HideSolutionNode = FALSE
	EndGlobalSection
	GlobalSection(ExtensibilityGlobals) = postSolution
		SolutionGuid = {F03C4E54-E646-47AB-AB9B-6DB114E8C7F9}
	EndGlobalSection
EndGlobal
