
Microsoft Visual Studio Solution File, Format Version 12.00
# Visual Studio Version 17
VisualStudioVersion = 17.6.33815.320
MinimumVisualStudioVersion = 10.0.40219.1
Project("{FAE04EC0-301F-11D3-BF4B-00C04F79EFBC}") = "UrlShortener", "UrlShortener\UrlShortener.csproj", "{6F43AB83-7A36-4C05-B9AF-4C2D05DC5F18}"
EndProject
Project("{E53339B2-1760-4266-BCC7-CA923CBCF16C}") = "docker-compose", "docker-compose.dcproj", "{56F62BC3-7646-4559-92EB-499120179413}"
EndProject
Project("{2150E333-8FDC-42A3-9474-1A3956D46DE8}") = "src", "src", "{1C57544A-4D69-408D-901E-185D9808D635}"
EndProject
Global
	GlobalSection(SolutionConfigurationPlatforms) = preSolution
		Debug|Any CPU = Debug|Any CPU
		Release|Any CPU = Release|Any CPU
	EndGlobalSection
	GlobalSection(ProjectConfigurationPlatforms) = postSolution
		{6F43AB83-7A36-4C05-B9AF-4C2D05DC5F18}.Debug|Any CPU.ActiveCfg = Debug|Any CPU
		{6F43AB83-7A36-4C05-B9AF-4C2D05DC5F18}.Debug|Any CPU.Build.0 = Debug|Any CPU
		{6F43AB83-7A36-4C05-B9AF-4C2D05DC5F18}.Release|Any CPU.ActiveCfg = Release|Any CPU
		{6F43AB83-7A36-4C05-B9AF-4C2D05DC5F18}.Release|Any CPU.Build.0 = Release|Any CPU
		{56F62BC3-7646-4559-92EB-499120179413}.Debug|Any CPU.ActiveCfg = Debug|Any CPU
		{56F62BC3-7646-4559-92EB-499120179413}.Debug|Any CPU.Build.0 = Debug|Any CPU
		{56F62BC3-7646-4559-92EB-499120179413}.Release|Any CPU.ActiveCfg = Release|Any CPU
		{56F62BC3-7646-4559-92EB-499120179413}.Release|Any CPU.Build.0 = Release|Any CPU
	EndGlobalSection
	GlobalSection(SolutionProperties) = preSolution
		HideSolutionNode = FALSE
	EndGlobalSection
	GlobalSection(NestedProjects) = preSolution
		{6F43AB83-7A36-4C05-B9AF-4C2D05DC5F18} = {1C57544A-4D69-408D-901E-185D9808D635}
	EndGlobalSection
	GlobalSection(ExtensibilityGlobals) = postSolution
		SolutionGuid = {9028B32A-6697-4028-B70D-28753BD69611}
	EndGlobalSection
EndGlobal
